
Microsoft Visual Studio Solution File, Format Version 12.00
# Visual Studio Version 16
VisualStudioVersion = 16.0.29411.108
MinimumVisualStudioVersion = 10.0.40219.1
Project("{9A19103F-16F7-4668-BE54-9A1E7A4F7556}") = "TicTacToeLibrary", "TicTacToeLibrary.csproj", "{EE2F73F2-EE2C-4A94-AA9B-D8DA0FB6BE0C}"
EndProject
Global
	GlobalSection(SolutionConfigurationPlatforms) = preSolution
		Debug|Any CPU = Debug|Any CPU
		Release|Any CPU = Release|Any CPU
	EndGlobalSection
	GlobalSection(ProjectConfigurationPlatforms) = postSolution
		{EE2F73F2-EE2C-4A94-AA9B-D8DA0FB6BE0C}.Debug|Any CPU.ActiveCfg = Debug|Any CPU
		{EE2F73F2-EE2C-4A94-AA9B-D8DA0FB6BE0C}.Debug|Any CPU.Build.0 = Debug|Any CPU
		{EE2F73F2-EE2C-4A94-AA9B-D8DA0FB6BE0C}.Release|Any CPU.ActiveCfg = Release|Any CPU
		{EE2F73F2-EE2C-4A94-AA9B-D8DA0FB6BE0C}.Release|Any CPU.Build.0 = Release|Any CPU
	EndGlobalSection
	GlobalSection(SolutionProperties) = preSolution
		HideSolutionNode = FALSE
	EndGlobalSection
	GlobalSection(ExtensibilityGlobals) = postSolution
		SolutionGuid = {6CD5B296-741E-4C04-BA39-2FA869B39940}
	EndGlobalSection
EndGlobal
